# THIS IS AN AUTOGENERATED FILE. DO NOT EDIT THIS FILE DIRECTLY.
# yarn lockfile v1


htmx.org@^1.6.0:
  version "1.6.0"
  resolved "https://registry.yarnpkg.com/htmx.org/-/htmx.org-1.6.0.tgz#a9f6e8160402208ba3b2ce278498ca136972c167"
  integrity sha512-/XzLC1QgqdBDIzxGKYN1IbmPHz9QFyId/x+ujJYd4febA99lb1hozyCASNdMHUMTXIqtzBYs2hL2nJfVD/IELQ==

jquery@^3.3.1:
  version "3.6.0"
  resolved "https://registry.yarnpkg.com/jquery/-/jquery-3.6.0.tgz#c72a09f15c1bdce142f49dbf1170bdf8adac2470"
  integrity sha512-JVzAR/AjBvVt2BmYhxRCSYysDsPcssdmTFnzyLEts9qNwmjmu4JTAMYubEfwVOSwpQ1I1sKKFcxhZCI2buerfw==

materialize-css@^1.0.0:
  version "1.0.0"
  resolved "https://registry.yarnpkg.com/materialize-css/-/materialize-css-1.0.0.tgz#8d5db1c4a81c6d65f3b2e2ca83a8e08daa24d1be"
  integrity sha512-4/oecXl8y/1i8RDZvyvwAICyqwNoKU4or5uf8uoAd74k76KzZ0Llym4zhJ5lLNUskcqjO0AuMcvNyDkpz8Z6zw==
